{
  "originHash" : "bb68a731ae0acca67312b319cef20bc3147062da923abb8ffd0a868ea8be117a",
  "pins" : [
    {
      "identity" : "lottie-spm",
      "kind" : "remoteSourceControl",
      "location" : "https://github.com/airbnb/lottie-spm.git",
      "state" : {
        "revision" : "69faaefa7721fba9e434a52c16adf4329c9084db",
        "version" : "4.6.0"
      }
    },
    {
      "identity" : "swiftlintplugins",
      "kind" : "remoteSourceControl",
      "location" : "https://github.com/SimplyDanny/SwiftLintPlugins.git",
      "state" : {
        "revision" : "18d8d2d18e1668006d1d209e0b5f5e06c1da7cb5",
        "version" : "0.63.3"
      }
    }
  ],
  "version" : 3
}
